{
  "name": "frontend-project-44",
  "version": "1.0.0",
  "lockfileVersion": 3,
  "requires": true,
  "packages": {
    "": {
      "name": "frontend-project-44",
      "version": "1.0.0",
      "license": "ISC",
      "bin": {
        "frontend-project-44": "bin/brain-games.js"
      }
    }
  }
}
